
Microsoft Visual Studio Solution File, Format Version 12.00
Project("{FAE04EC0-301F-11D3-BF4B-00C04F79EFBC}") = "ArmoniK.Utils", "src\ArmoniK.Utils.csproj", "{164735AC-34E5-40E4-8B46-6969FDD11256}"
EndProject
Project("{FAE04EC0-301F-11D3-BF4B-00C04F79EFBC}") = "ArmoniK.Utils.Tests", "tests\ArmoniK.Utils.Tests.csproj", "{1FC02853-1817-4D3C-ABBC-8C89A6851447}"
EndProject
Global
	GlobalSection(SolutionConfigurationPlatforms) = preSolution
		Debug|Any CPU = Debug|Any CPU
		Release|Any CPU = Release|Any CPU
	EndGlobalSection
	GlobalSection(ProjectConfigurationPlatforms) = postSolution
		{164735AC-34E5-40E4-8B46-6969FDD11256}.Debug|Any CPU.ActiveCfg = Debug|Any CPU
		{164735AC-34E5-40E4-8B46-6969FDD11256}.Debug|Any CPU.Build.0 = Debug|Any CPU
		{164735AC-34E5-40E4-8B46-6969FDD11256}.Release|Any CPU.ActiveCfg = Release|Any CPU
		{164735AC-34E5-40E4-8B46-6969FDD11256}.Release|Any CPU.Build.0 = Release|Any CPU
		{1FC02853-1817-4D3C-ABBC-8C89A6851447}.Debug|Any CPU.ActiveCfg = Debug|Any CPU
		{1FC02853-1817-4D3C-ABBC-8C89A6851447}.Debug|Any CPU.Build.0 = Debug|Any CPU
		{1FC02853-1817-4D3C-ABBC-8C89A6851447}.Release|Any CPU.ActiveCfg = Release|Any CPU
		{1FC02853-1817-4D3C-ABBC-8C89A6851447}.Release|Any CPU.Build.0 = Release|Any CPU
	EndGlobalSection
EndGlobal
